
Microsoft Visual Studio Solution File, Format Version 12.00
# Visual Studio Version 16
VisualStudioVersion = 25.0.1704.3
MinimumVisualStudioVersion = 10.0.40219.1
Project("{FAE04EC0-301F-11D3-BF4B-00C04F79EFBC}") = "hello.py", "hello.py\hello.py.csproj", "{2862841A-7256-4963-AB60-82E3FCF89960}"
EndProject
Global
	GlobalSection(SolutionConfigurationPlatforms) = preSolution
		Debug|Any CPU = Debug|Any CPU
		Release|Any CPU = Release|Any CPU
	EndGlobalSection
	GlobalSection(ProjectConfigurationPlatforms) = postSolution
		{2862841A-7256-4963-AB60-82E3FCF89960}.Debug|Any CPU.ActiveCfg = Debug|Any CPU
		{2862841A-7256-4963-AB60-82E3FCF89960}.Debug|Any CPU.Build.0 = Debug|Any CPU
		{2862841A-7256-4963-AB60-82E3FCF89960}.Release|Any CPU.ActiveCfg = Release|Any CPU
		{2862841A-7256-4963-AB60-82E3FCF89960}.Release|Any CPU.Build.0 = Release|Any CPU
	EndGlobalSection
	GlobalSection(SolutionProperties) = preSolution
		HideSolutionNode = FALSE
	EndGlobalSection
	GlobalSection(ExtensibilityGlobals) = postSolution
		SolutionGuid = {656644EE-60F3-40D6-8AC6-5E973B7C1FBE}
	EndGlobalSection
EndGlobal
